
Microsoft Visual Studio Solution File, Format Version 12.00
# Visual Studio Version 17
VisualStudioVersion = 17.3.32929.385
MinimumVisualStudioVersion = 10.0.40219.1
Project("{FAE04EC0-301F-11D3-BF4B-00C04F79EFBC}") = "oopsassignment2", "oopsassignment2\oopsassignment2.csproj", "{EFF4C541-F436-429D-B6F1-75EAEBAEAF8E}"
EndProject
Global
	GlobalSection(SolutionConfigurationPlatforms) = preSolution
		Debug|Any CPU = Debug|Any CPU
		Release|Any CPU = Release|Any CPU
	EndGlobalSection
	GlobalSection(ProjectConfigurationPlatforms) = postSolution
		{EFF4C541-F436-429D-B6F1-75EAEBAEAF8E}.Debug|Any CPU.ActiveCfg = Debug|Any CPU
		{EFF4C541-F436-429D-B6F1-75EAEBAEAF8E}.Debug|Any CPU.Build.0 = Debug|Any CPU
		{EFF4C541-F436-429D-B6F1-75EAEBAEAF8E}.Release|Any CPU.ActiveCfg = Release|Any CPU
		{EFF4C541-F436-429D-B6F1-75EAEBAEAF8E}.Release|Any CPU.Build.0 = Release|Any CPU
	EndGlobalSection
	GlobalSection(SolutionProperties) = preSolution
		HideSolutionNode = FALSE
	EndGlobalSection
	GlobalSection(ExtensibilityGlobals) = postSolution
		SolutionGuid = {C74EA356-8295-4E39-80D6-96CD28ED7DDC}
	EndGlobalSection
EndGlobal
